
Microsoft Visual Studio Solution File, Format Version 12.00
# Visual Studio Version 16
VisualStudioVersion = 16.0.33529.622
MinimumVisualStudioVersion = 10.0.40219.1
Project("{9092AA53-FB77-4645-B42D-1CCCA6BD08BD}") = "NodejsConsoleApp22222", "NodejsConsoleApp22222.njsproj", "{E4BFBE17-E45B-4CFC-A9BB-E5FA5E75B01D}"
EndProject
Global
	GlobalSection(SolutionConfigurationPlatforms) = preSolution
		Debug|Any CPU = Debug|Any CPU
		Release|Any CPU = Release|Any CPU
	EndGlobalSection
	GlobalSection(ProjectConfigurationPlatforms) = postSolution
		{E4BFBE17-E45B-4CFC-A9BB-E5FA5E75B01D}.Debug|Any CPU.ActiveCfg = Debug|Any CPU
		{E4BFBE17-E45B-4CFC-A9BB-E5FA5E75B01D}.Debug|Any CPU.Build.0 = Debug|Any CPU
		{E4BFBE17-E45B-4CFC-A9BB-E5FA5E75B01D}.Release|Any CPU.ActiveCfg = Release|Any CPU
		{E4BFBE17-E45B-4CFC-A9BB-E5FA5E75B01D}.Release|Any CPU.Build.0 = Release|Any CPU
	EndGlobalSection
	GlobalSection(SolutionProperties) = preSolution
		HideSolutionNode = FALSE
	EndGlobalSection
	GlobalSection(ExtensibilityGlobals) = postSolution
		SolutionGuid = {D053A952-54EB-4498-B250-07F97E714040}
	EndGlobalSection
EndGlobal
